{
	"name": "@jungvonmatt/contentful-ssg",
	"version": "1.0.4",
	"lockfileVersion": 2,
	"requires": true,
	"packages": {
		"": {
			"name": "@jungvonmatt/contentful-ssg",
			"version": "1.0.0",
			"license": "ISC",
			"bin": {
				"contentful-ssg": "dist/cli.js",
				"cssg": "dist/cli.js"
			},
			"devDependencies": {
				"@types/jest": "^27.0.2",
				"typescript": "^4.5.0-beta"
			},
			"engines": {
				"node": "^14.13.1 || >=16.0.0"
			}
		},
		"node_modules/@jest/types": {
			"version": "27.2.5",
			"resolved": "https://registry.npmjs.org/@jest/types/-/types-27.2.5.tgz",
			"integrity": "sha512-nmuM4VuDtCZcY+eTpw+0nvstwReMsjPoj7ZR80/BbixulhLaiX+fbv8oeLW8WZlJMcsGQsTmMKT/iTZu1Uy/lQ==",
			"dev": true,
			"dependencies": {
				"@types/istanbul-lib-coverage": "^2.0.0",
				"@types/istanbul-reports": "^3.0.0",
				"@types/node": "*",
				"@types/yargs": "^16.0.0",
				"chalk": "^4.0.0"
			},
			"engines": {
				"node": "^10.13.0 || ^12.13.0 || ^14.15.0 || >=15.0.0"
			}
		},
		"node_modules/@types/istanbul-lib-coverage": {
			"version": "2.0.3",
			"resolved": "https://registry.npmjs.org/@types/istanbul-lib-coverage/-/istanbul-lib-coverage-2.0.3.tgz",
			"integrity": "sha512-sz7iLqvVUg1gIedBOvlkxPlc8/uVzyS5OwGz1cKjXzkl3FpL3al0crU8YGU1WoHkxn0Wxbw5tyi6hvzJKNzFsw==",
			"dev": true
		},
		"node_modules/@types/istanbul-lib-report": {
			"version": "3.0.0",
			"resolved": "https://registry.npmjs.org/@types/istanbul-lib-report/-/istanbul-lib-report-3.0.0.tgz",
			"integrity": "sha512-plGgXAPfVKFoYfa9NpYDAkseG+g6Jr294RqeqcqDixSbU34MZVJRi/P+7Y8GDpzkEwLaGZZOpKIEmeVZNtKsrg==",
			"dev": true,
			"dependencies": {
				"@types/istanbul-lib-coverage": "*"
			}
		},
		"node_modules/@types/istanbul-reports": {
			"version": "3.0.1",
			"resolved": "https://registry.npmjs.org/@types/istanbul-reports/-/istanbul-reports-3.0.1.tgz",
			"integrity": "sha512-c3mAZEuK0lvBp8tmuL74XRKn1+y2dcwOUpH7x4WrF6gk1GIgiluDRgMYQtw2OFcBvAJWlt6ASU3tSqxp0Uu0Aw==",
			"dev": true,
			"dependencies": {
				"@types/istanbul-lib-report": "*"
			}
		},
		"node_modules/@types/jest": {
			"version": "27.0.2",
			"resolved": "https://registry.npmjs.org/@types/jest/-/jest-27.0.2.tgz",
			"integrity": "sha512-4dRxkS/AFX0c5XW6IPMNOydLn2tEhNhJV7DnYK+0bjoJZ+QTmfucBlihX7aoEsh/ocYtkLC73UbnBXBXIxsULA==",
			"dev": true,
			"dependencies": {
				"jest-diff": "^27.0.0",
				"pretty-format": "^27.0.0"
			}
		},
		"node_modules/@types/node": {
			"version": "16.11.7",
			"resolved": "https://registry.npmjs.org/@types/node/-/node-16.11.7.tgz",
			"integrity": "sha512-QB5D2sqfSjCmTuWcBWyJ+/44bcjO7VbjSbOE0ucoVbAsSNQc4Lt6QkgkVXkTDwkL4z/beecZNDvVX15D4P8Jbw==",
			"dev": true
		},
		"node_modules/@types/yargs": {
			"version": "16.0.4",
			"resolved": "https://registry.npmjs.org/@types/yargs/-/yargs-16.0.4.tgz",
			"integrity": "sha512-T8Yc9wt/5LbJyCaLiHPReJa0kApcIgJ7Bn735GjItUfh08Z1pJvu8QZqb9s+mMvKV6WUQRV7K2R46YbjMXTTJw==",
			"dev": true,
			"dependencies": {
				"@types/yargs-parser": "*"
			}
		},
		"node_modules/@types/yargs-parser": {
			"version": "20.2.1",
			"resolved": "https://registry.npmjs.org/@types/yargs-parser/-/yargs-parser-20.2.1.tgz",
			"integrity": "sha512-7tFImggNeNBVMsn0vLrpn1H1uPrUBdnARPTpZoitY37ZrdJREzf7I16tMrlK3hen349gr1NYh8CmZQa7CTG6Aw==",
			"dev": true
		},
		"node_modules/ansi-regex": {
			"version": "5.0.1",
			"dev": true,
			"license": "MIT",
			"engines": {
				"node": ">=8"
			}
		},
		"node_modules/ansi-styles": {
			"version": "4.3.0",
			"dev": true,
			"license": "MIT",
			"dependencies": {
				"color-convert": "^2.0.1"
			},
			"engines": {
				"node": ">=8"
			},
			"funding": {
				"url": "https://github.com/chalk/ansi-styles?sponsor=1"
			}
		},
		"node_modules/chalk": {
			"version": "4.1.2",
			"dev": true,
			"license": "MIT",
			"dependencies": {
				"ansi-styles": "^4.1.0",
				"supports-color": "^7.1.0"
			},
			"engines": {
				"node": ">=10"
			},
			"funding": {
				"url": "https://github.com/chalk/chalk?sponsor=1"
			}
		},
		"node_modules/color-convert": {
			"version": "2.0.1",
			"dev": true,
			"license": "MIT",
			"dependencies": {
				"color-name": "~1.1.4"
			},
			"engines": {
				"node": ">=7.0.0"
			}
		},
		"node_modules/color-name": {
			"version": "1.1.4",
			"dev": true,
			"license": "MIT"
		},
		"node_modules/diff-sequences": {
			"version": "27.0.6",
			"resolved": "https://registry.npmjs.org/diff-sequences/-/diff-sequences-27.0.6.tgz",
			"integrity": "sha512-ag6wfpBFyNXZ0p8pcuIDS//D8H062ZQJ3fzYxjpmeKjnz8W4pekL3AI8VohmyZmsWW2PWaHgjsmqR6L13101VQ==",
			"dev": true,
			"engines": {
				"node": "^10.13.0 || ^12.13.0 || ^14.15.0 || >=15.0.0"
			}
		},
		"node_modules/has-flag": {
			"version": "4.0.0",
			"dev": true,
			"license": "MIT",
			"engines": {
				"node": ">=8"
			}
		},
		"node_modules/jest-diff": {
			"version": "27.3.1",
			"resolved": "https://registry.npmjs.org/jest-diff/-/jest-diff-27.3.1.tgz",
			"integrity": "sha512-PCeuAH4AWUo2O5+ksW4pL9v5xJAcIKPUPfIhZBcG1RKv/0+dvaWTQK1Nrau8d67dp65fOqbeMdoil+6PedyEPQ==",
			"dev": true,
			"dependencies": {
				"chalk": "^4.0.0",
				"diff-sequences": "^27.0.6",
				"jest-get-type": "^27.3.1",
				"pretty-format": "^27.3.1"
			},
			"engines": {
				"node": "^10.13.0 || ^12.13.0 || ^14.15.0 || >=15.0.0"
			}
		},
		"node_modules/jest-get-type": {
			"version": "27.3.1",
			"resolved": "https://registry.npmjs.org/jest-get-type/-/jest-get-type-27.3.1.tgz",
			"integrity": "sha512-+Ilqi8hgHSAdhlQ3s12CAVNd8H96ZkQBfYoXmArzZnOfAtVAJEiPDBirjByEblvG/4LPJmkL+nBqPO3A1YJAEg==",
			"dev": true,
			"engines": {
				"node": "^10.13.0 || ^12.13.0 || ^14.15.0 || >=15.0.0"
			}
		},
		"node_modules/pretty-format": {
			"version": "27.3.1",
			"resolved": "https://registry.npmjs.org/pretty-format/-/pretty-format-27.3.1.tgz",
			"integrity": "sha512-DR/c+pvFc52nLimLROYjnXPtolawm+uWDxr4FjuLDLUn+ktWnSN851KoHwHzzqq6rfCOjkzN8FLgDrSub6UDuA==",
			"dev": true,
			"dependencies": {
				"@jest/types": "^27.2.5",
				"ansi-regex": "^5.0.1",
				"ansi-styles": "^5.0.0",
				"react-is": "^17.0.1"
			},
			"engines": {
				"node": "^10.13.0 || ^12.13.0 || ^14.15.0 || >=15.0.0"
			}
		},
		"node_modules/pretty-format/node_modules/ansi-styles": {
			"version": "5.2.0",
			"resolved": "https://registry.npmjs.org/ansi-styles/-/ansi-styles-5.2.0.tgz",
			"integrity": "sha512-Cxwpt2SfTzTtXcfOlzGEee8O+c+MmUgGrNiBcXnuWxuFJHe6a5Hz7qwhwe5OgaSYI0IJvkLqWX1ASG+cJOkEiA==",
			"dev": true,
			"engines": {
				"node": ">=10"
			},
			"funding": {
				"url": "https://github.com/chalk/ansi-styles?sponsor=1"
			}
		},
		"node_modules/react-is": {
			"version": "17.0.2",
			"resolved": "https://registry.npmjs.org/react-is/-/react-is-17.0.2.tgz",
			"integrity": "sha512-w2GsyukL62IJnlaff/nRegPQR94C/XXamvMWmSHRJ4y7Ts/4ocGRmTHvOs8PSE6pB3dWOrD/nueuU5sduBsQ4w==",
			"dev": true
		},
		"node_modules/supports-color": {
			"version": "7.2.0",
			"dev": true,
			"license": "MIT",
			"dependencies": {
				"has-flag": "^4.0.0"
			},
			"engines": {
				"node": ">=8"
			}
		},
		"node_modules/typescript": {
			"version": "4.5.2",
			"resolved": "https://registry.npmjs.org/typescript/-/typescript-4.5.2.tgz",
			"integrity": "sha512-5BlMof9H1yGt0P8/WF+wPNw6GfctgGjXp5hkblpyT+8rkASSmkUKMXrxR0Xg8ThVCi/JnHQiKXeBaEwCeQwMFw==",
			"dev": true,
			"bin": {
				"tsc": "bin/tsc",
				"tsserver": "bin/tsserver"
			},
			"engines": {
				"node": ">=4.2.0"
			}
		}
	},
	"dependencies": {
		"@jest/types": {
			"version": "27.2.5",
			"resolved": "https://registry.npmjs.org/@jest/types/-/types-27.2.5.tgz",
			"integrity": "sha512-nmuM4VuDtCZcY+eTpw+0nvstwReMsjPoj7ZR80/BbixulhLaiX+fbv8oeLW8WZlJMcsGQsTmMKT/iTZu1Uy/lQ==",
			"dev": true,
			"requires": {
				"@types/istanbul-lib-coverage": "^2.0.0",
				"@types/istanbul-reports": "^3.0.0",
				"@types/node": "*",
				"@types/yargs": "^16.0.0",
				"chalk": "^4.0.0"
			}
		},
		"@types/istanbul-lib-coverage": {
			"version": "2.0.3",
			"resolved": "https://registry.npmjs.org/@types/istanbul-lib-coverage/-/istanbul-lib-coverage-2.0.3.tgz",
			"integrity": "sha512-sz7iLqvVUg1gIedBOvlkxPlc8/uVzyS5OwGz1cKjXzkl3FpL3al0crU8YGU1WoHkxn0Wxbw5tyi6hvzJKNzFsw==",
			"dev": true
		},
		"@types/istanbul-lib-report": {
			"version": "3.0.0",
			"resolved": "https://registry.npmjs.org/@types/istanbul-lib-report/-/istanbul-lib-report-3.0.0.tgz",
			"integrity": "sha512-plGgXAPfVKFoYfa9NpYDAkseG+g6Jr294RqeqcqDixSbU34MZVJRi/P+7Y8GDpzkEwLaGZZOpKIEmeVZNtKsrg==",
			"dev": true,
			"requires": {
				"@types/istanbul-lib-coverage": "*"
			}
		},
		"@types/istanbul-reports": {
			"version": "3.0.1",
			"resolved": "https://registry.npmjs.org/@types/istanbul-reports/-/istanbul-reports-3.0.1.tgz",
			"integrity": "sha512-c3mAZEuK0lvBp8tmuL74XRKn1+y2dcwOUpH7x4WrF6gk1GIgiluDRgMYQtw2OFcBvAJWlt6ASU3tSqxp0Uu0Aw==",
			"dev": true,
			"requires": {
				"@types/istanbul-lib-report": "*"
			}
		},
		"@types/jest": {
			"version": "27.0.2",
			"resolved": "https://registry.npmjs.org/@types/jest/-/jest-27.0.2.tgz",
			"integrity": "sha512-4dRxkS/AFX0c5XW6IPMNOydLn2tEhNhJV7DnYK+0bjoJZ+QTmfucBlihX7aoEsh/ocYtkLC73UbnBXBXIxsULA==",
			"dev": true,
			"requires": {
				"jest-diff": "^27.0.0",
				"pretty-format": "^27.0.0"
			}
		},
		"@types/node": {
			"version": "16.11.7",
			"resolved": "https://registry.npmjs.org/@types/node/-/node-16.11.7.tgz",
			"integrity": "sha512-QB5D2sqfSjCmTuWcBWyJ+/44bcjO7VbjSbOE0ucoVbAsSNQc4Lt6QkgkVXkTDwkL4z/beecZNDvVX15D4P8Jbw==",
			"dev": true
		},
		"@types/yargs": {
			"version": "16.0.4",
			"resolved": "https://registry.npmjs.org/@types/yargs/-/yargs-16.0.4.tgz",
			"integrity": "sha512-T8Yc9wt/5LbJyCaLiHPReJa0kApcIgJ7Bn735GjItUfh08Z1pJvu8QZqb9s+mMvKV6WUQRV7K2R46YbjMXTTJw==",
			"dev": true,
			"requires": {
				"@types/yargs-parser": "*"
			}
		},
		"@types/yargs-parser": {
			"version": "20.2.1",
			"resolved": "https://registry.npmjs.org/@types/yargs-parser/-/yargs-parser-20.2.1.tgz",
			"integrity": "sha512-7tFImggNeNBVMsn0vLrpn1H1uPrUBdnARPTpZoitY37ZrdJREzf7I16tMrlK3hen349gr1NYh8CmZQa7CTG6Aw==",
			"dev": true
		},
		"ansi-regex": {
			"version": "5.0.1",
			"dev": true
		},
		"ansi-styles": {
			"version": "4.3.0",
			"dev": true,
			"requires": {
				"color-convert": "^2.0.1"
			}
		},
		"chalk": {
			"version": "4.1.2",
			"dev": true,
			"requires": {
				"ansi-styles": "^4.1.0",
				"supports-color": "^7.1.0"
			}
		},
		"color-convert": {
			"version": "2.0.1",
			"dev": true,
			"requires": {
				"color-name": "~1.1.4"
			}
		},
		"color-name": {
			"version": "1.1.4",
			"dev": true
		},
		"diff-sequences": {
			"version": "27.0.6",
			"resolved": "https://registry.npmjs.org/diff-sequences/-/diff-sequences-27.0.6.tgz",
			"integrity": "sha512-ag6wfpBFyNXZ0p8pcuIDS//D8H062ZQJ3fzYxjpmeKjnz8W4pekL3AI8VohmyZmsWW2PWaHgjsmqR6L13101VQ==",
			"dev": true
		},
		"has-flag": {
			"version": "4.0.0",
			"dev": true
		},
		"jest-diff": {
			"version": "27.3.1",
			"resolved": "https://registry.npmjs.org/jest-diff/-/jest-diff-27.3.1.tgz",
			"integrity": "sha512-PCeuAH4AWUo2O5+ksW4pL9v5xJAcIKPUPfIhZBcG1RKv/0+dvaWTQK1Nrau8d67dp65fOqbeMdoil+6PedyEPQ==",
			"dev": true,
			"requires": {
				"chalk": "^4.0.0",
				"diff-sequences": "^27.0.6",
				"jest-get-type": "^27.3.1",
				"pretty-format": "^27.3.1"
			}
		},
		"jest-get-type": {
			"version": "27.3.1",
			"resolved": "https://registry.npmjs.org/jest-get-type/-/jest-get-type-27.3.1.tgz",
			"integrity": "sha512-+Ilqi8hgHSAdhlQ3s12CAVNd8H96ZkQBfYoXmArzZnOfAtVAJEiPDBirjByEblvG/4LPJmkL+nBqPO3A1YJAEg==",
			"dev": true
		},
		"pretty-format": {
			"version": "27.3.1",
			"resolved": "https://registry.npmjs.org/pretty-format/-/pretty-format-27.3.1.tgz",
			"integrity": "sha512-DR/c+pvFc52nLimLROYjnXPtolawm+uWDxr4FjuLDLUn+ktWnSN851KoHwHzzqq6rfCOjkzN8FLgDrSub6UDuA==",
			"dev": true,
			"requires": {
				"@jest/types": "^27.2.5",
				"ansi-regex": "^5.0.1",
				"ansi-styles": "^5.0.0",
				"react-is": "^17.0.1"
			},
			"dependencies": {
				"ansi-styles": {
					"version": "5.2.0",
					"resolved": "https://registry.npmjs.org/ansi-styles/-/ansi-styles-5.2.0.tgz",
					"integrity": "sha512-Cxwpt2SfTzTtXcfOlzGEee8O+c+MmUgGrNiBcXnuWxuFJHe6a5Hz7qwhwe5OgaSYI0IJvkLqWX1ASG+cJOkEiA==",
					"dev": true
				}
			}
		},
		"react-is": {
			"version": "17.0.2",
			"resolved": "https://registry.npmjs.org/react-is/-/react-is-17.0.2.tgz",
			"integrity": "sha512-w2GsyukL62IJnlaff/nRegPQR94C/XXamvMWmSHRJ4y7Ts/4ocGRmTHvOs8PSE6pB3dWOrD/nueuU5sduBsQ4w==",
			"dev": true
		},
		"supports-color": {
			"version": "7.2.0",
			"dev": true,
			"requires": {
				"has-flag": "^4.0.0"
			}
		},
		"typescript": {
			"version": "4.5.2",
			"resolved": "https://registry.npmjs.org/typescript/-/typescript-4.5.2.tgz",
			"integrity": "sha512-5BlMof9H1yGt0P8/WF+wPNw6GfctgGjXp5hkblpyT+8rkASSmkUKMXrxR0Xg8ThVCi/JnHQiKXeBaEwCeQwMFw==",
			"dev": true
		}
	}
}
